
Microsoft Visual Studio Solution File, Format Version 12.00
# Visual Studio Version 17
VisualStudioVersion = 17.5.002.0
MinimumVisualStudioVersion = 10.0.40219.1
Project("{9A19103F-16F7-4668-BE54-9A1E7A4F7556}") = "DiceRollGame", "DiceRollGame.csproj", "{D19CFF42-A9DD-4AE8-A51E-BE07592E6C4F}"
EndProject
Global
	GlobalSection(SolutionConfigurationPlatforms) = preSolution
		Debug|Any CPU = Debug|Any CPU
		Release|Any CPU = Release|Any CPU
	EndGlobalSection
	GlobalSection(ProjectConfigurationPlatforms) = postSolution
		{D19CFF42-A9DD-4AE8-A51E-BE07592E6C4F}.Debug|Any CPU.ActiveCfg = Debug|Any CPU
		{D19CFF42-A9DD-4AE8-A51E-BE07592E6C4F}.Debug|Any CPU.Build.0 = Debug|Any CPU
		{D19CFF42-A9DD-4AE8-A51E-BE07592E6C4F}.Release|Any CPU.ActiveCfg = Release|Any CPU
		{D19CFF42-A9DD-4AE8-A51E-BE07592E6C4F}.Release|Any CPU.Build.0 = Release|Any CPU
	EndGlobalSection
	GlobalSection(SolutionProperties) = preSolution
		HideSolutionNode = FALSE
	EndGlobalSection
	GlobalSection(ExtensibilityGlobals) = postSolution
		SolutionGuid = {85A2088E-3F64-4C49-A3EE-14D16561648E}
	EndGlobalSection
EndGlobal
